
Microsoft Visual Studio Solution File, Format Version 12.00
# Visual Studio Version 16
VisualStudioVersion = 16.0.31729.503
MinimumVisualStudioVersion = 10.0.40219.1
Project("{FAE04EC0-301F-11D3-BF4B-00C04F79EFBC}") = "TodoApi", "TodoApi\TodoApi.csproj", "{ACB32863-E3F7-4B85-9864-FC92D3E70F81}"
EndProject
Global
	GlobalSection(SolutionConfigurationPlatforms) = preSolution
		Debug|Any CPU = Debug|Any CPU
		Release|Any CPU = Release|Any CPU
	EndGlobalSection
	GlobalSection(ProjectConfigurationPlatforms) = postSolution
		{ACB32863-E3F7-4B85-9864-FC92D3E70F81}.Debug|Any CPU.ActiveCfg = Debug|Any CPU
		{ACB32863-E3F7-4B85-9864-FC92D3E70F81}.Debug|Any CPU.Build.0 = Debug|Any CPU
		{ACB32863-E3F7-4B85-9864-FC92D3E70F81}.Release|Any CPU.ActiveCfg = Release|Any CPU
		{ACB32863-E3F7-4B85-9864-FC92D3E70F81}.Release|Any CPU.Build.0 = Release|Any CPU
	EndGlobalSection
	GlobalSection(SolutionProperties) = preSolution
		HideSolutionNode = FALSE
	EndGlobalSection
	GlobalSection(ExtensibilityGlobals) = postSolution
		SolutionGuid = {038AE3FB-EEF2-4994-811E-B47047EE8CC5}
	EndGlobalSection
EndGlobal
